
Microsoft Visual Studio Solution File, Format Version 12.00
# Visual Studio Version 17
VisualStudioVersion = 17.0.31903.59
MinimumVisualStudioVersion = 10.0.40219.1
Project("{FAE04EC0-301F-11D3-BF4B-00C04F79EFBC}") = "DotCache", "src\DotCache\DotCache.csproj", "{8593C72E-772A-493C-9A03-3EF6F97728E3}"
EndProject
Project("{FAE04EC0-301F-11D3-BF4B-00C04F79EFBC}") = "DotCache.Tests", "test\DotCache.Tests\DotCache.Tests.csproj", "{26541FDF-3401-4D55-B264-154899F190A3}"
EndProject
Global
	GlobalSection(SolutionConfigurationPlatforms) = preSolution
		Debug|Any CPU = Debug|Any CPU
		Release|Any CPU = Release|Any CPU
	EndGlobalSection
	GlobalSection(SolutionProperties) = preSolution
		HideSolutionNode = FALSE
	EndGlobalSection
	GlobalSection(ProjectConfigurationPlatforms) = postSolution
		{8593C72E-772A-493C-9A03-3EF6F97728E3}.Debug|Any CPU.ActiveCfg = Debug|Any CPU
		{8593C72E-772A-493C-9A03-3EF6F97728E3}.Debug|Any CPU.Build.0 = Debug|Any CPU
		{8593C72E-772A-493C-9A03-3EF6F97728E3}.Release|Any CPU.ActiveCfg = Release|Any CPU
		{8593C72E-772A-493C-9A03-3EF6F97728E3}.Release|Any CPU.Build.0 = Release|Any CPU
		{26541FDF-3401-4D55-B264-154899F190A3}.Debug|Any CPU.ActiveCfg = Debug|Any CPU
		{26541FDF-3401-4D55-B264-154899F190A3}.Debug|Any CPU.Build.0 = Debug|Any CPU
		{26541FDF-3401-4D55-B264-154899F190A3}.Release|Any CPU.ActiveCfg = Release|Any CPU
		{26541FDF-3401-4D55-B264-154899F190A3}.Release|Any CPU.Build.0 = Release|Any CPU
	EndGlobalSection
EndGlobal
